// !$*UTF8*$!
{
	archiveVersion = 1;
	classes = {
	};
	objectVersion = 55;
	objects = {

/* Begin PBXBuildFile section */
		ED05A4D128AC4A0100DB4638 /* UIViewController+TabBarImages.swift in Sources */ = {isa = PBXBuildFile; fileRef = ED05A4D028AC4A0100DB4638 /* UIViewController+TabBarImages.swift */; };
		ED05A4D328AC4A5900DB4638 /* UIView+AdditionalFeatures.swift in Sources */ = {isa = PBXBuildFile; fileRef = ED05A4D228AC4A5900DB4638 /* UIView+AdditionalFeatures.swift */; };
		ED1784F728AAD3D8006E6306 /* AppDelegate.swift in Sources */ = {isa = PBXBuildFile; fileRef = ED1784F628AAD3D8006E6306 /* AppDelegate.swift */; };
		ED1784F928AAD3D8006E6306 /* SceneDelegate.swift in Sources */ = {isa = PBXBuildFile; fileRef = ED1784F828AAD3D8006E6306 /* SceneDelegate.swift */; };
		ED1784FE28AAD3D8006E6306 /* Main.storyboard in Resources */ = {isa = PBXBuildFile; fileRef = ED1784FC28AAD3D8006E6306 /* Main.storyboard */; };
		ED17850128AAD3D8006E6306 /* CheeseBurgerApp.xcdatamodeld in Sources */ = {isa = PBXBuildFile; fileRef = ED1784FF28AAD3D8006E6306 /* CheeseBurgerApp.xcdatamodeld */; };
		ED17850328AAD3DE006E6306 /* Assets.xcassets in Resources */ = {isa = PBXBuildFile; fileRef = ED17850228AAD3DE006E6306 /* Assets.xcassets */; };
		ED17850628AAD3DE006E6306 /* LaunchScreen.storyboard in Resources */ = {isa = PBXBuildFile; fileRef = ED17850428AAD3DE006E6306 /* LaunchScreen.storyboard */; };
		ED17851128AAD3DF006E6306 /* CheeseBurgerAppTests.swift in Sources */ = {isa = PBXBuildFile; fileRef = ED17851028AAD3DF006E6306 /* CheeseBurgerAppTests.swift */; };
		ED17851B28AAD3DF006E6306 /* CheeseBurgerAppUITests.swift in Sources */ = {isa = PBXBuildFile; fileRef = ED17851A28AAD3DF006E6306 /* CheeseBurgerAppUITests.swift */; };
		ED17851D28AAD3DF006E6306 /* CheeseBurgerAppUITestsLaunchTests.swift in Sources */ = {isa = PBXBuildFile; fileRef = ED17851C28AAD3DF006E6306 /* CheeseBurgerAppUITestsLaunchTests.swift */; };
		ED17852C28AAD440006E6306 /* HomeVC.swift in Sources */ = {isa = PBXBuildFile; fileRef = ED17852A28AAD440006E6306 /* HomeVC.swift */; };
		ED17852D28AAD440006E6306 /* HomeVC.xib in Resources */ = {isa = PBXBuildFile; fileRef = ED17852B28AAD440006E6306 /* HomeVC.xib */; };
		ED17853028AAD493006E6306 /* MealCell.swift in Sources */ = {isa = PBXBuildFile; fileRef = ED17852E28AAD493006E6306 /* MealCell.swift */; };
		ED17853128AAD493006E6306 /* MealCell.xib in Resources */ = {isa = PBXBuildFile; fileRef = ED17852F28AAD493006E6306 /* MealCell.xib */; };
		ED17853428AB0B50006E6306 /* BurgerCell.swift in Sources */ = {isa = PBXBuildFile; fileRef = ED17853228AB0B50006E6306 /* BurgerCell.swift */; };
		ED17853528AB0B50006E6306 /* BurgerCell.xib in Resources */ = {isa = PBXBuildFile; fileRef = ED17853328AB0B50006E6306 /* BurgerCell.xib */; };
		ED9D348E28ABB1AC00A95A6E /* HomeVC+Collection.swift in Sources */ = {isa = PBXBuildFile; fileRef = ED9D348D28ABB1AC00A95A6E /* HomeVC+Collection.swift */; };
		ED9D349028ABB1BF00A95A6E /* HomeVC+Delegation.swift in Sources */ = {isa = PBXBuildFile; fileRef = ED9D348F28ABB1BF00A95A6E /* HomeVC+Delegation.swift */; };
		ED9D349228ABB6B500A95A6E /* Reload.swift in Sources */ = {isa = PBXBuildFile; fileRef = ED9D349128ABB6B500A95A6E /* Reload.swift */; };
		ED9D349A28ABB74B00A95A6E /* CustomTabbar.swift in Sources */ = {isa = PBXBuildFile; fileRef = ED9D349628ABB74B00A95A6E /* CustomTabbar.swift */; };
		ED9D349B28ABB74B00A95A6E /* TabbarController.swift in Sources */ = {isa = PBXBuildFile; fileRef = ED9D349728ABB74B00A95A6E /* TabbarController.swift */; };
		ED9D349D28ABBA1800A95A6E /* AppDelegate_S.swift in Sources */ = {isa = PBXBuildFile; fileRef = ED9D349C28ABBA1800A95A6E /* AppDelegate_S.swift */; };
		ED9D34A028ABBB0100A95A6E /* UIWindow_S.swift in Sources */ = {isa = PBXBuildFile; fileRef = ED9D349F28ABBB0100A95A6E /* UIWindow_S.swift */; };
		ED9D34A328ABBD6300A95A6E /* TabBar_Controller.swift in Sources */ = {isa = PBXBuildFile; fileRef = ED9D34A128ABBD6300A95A6E /* TabBar_Controller.swift */; };
		ED9D34A428ABBD6300A95A6E /* TabBar_Controller.xib in Resources */ = {isa = PBXBuildFile; fileRef = ED9D34A228ABBD6300A95A6E /* TabBar_Controller.xib */; };
		ED9D34A628ABDF4500A95A6E /* UIViewX.swift in Sources */ = {isa = PBXBuildFile; fileRef = ED9D34A528ABDF4500A95A6E /* UIViewX.swift */; };
		ED9D34AE28ABEBFD00A95A6E /* NavBarView.swift in Sources */ = {isa = PBXBuildFile; fileRef = ED9D34AA28ABEBFD00A95A6E /* NavBarView.swift */; };
		ED9D34AF28ABEBFD00A95A6E /* NavBarView.xib in Resources */ = {isa = PBXBuildFile; fileRef = ED9D34AB28ABEBFD00A95A6E /* NavBarView.xib */; };
		ED9D34B528ABF4E500A95A6E /* OptionCell.swift in Sources */ = {isa = PBXBuildFile; fileRef = ED9D34B328ABF4E500A95A6E /* OptionCell.swift */; };
		ED9D34B628ABF4E500A95A6E /* OptionCell.xib in Resources */ = {isa = PBXBuildFile; fileRef = ED9D34B428ABF4E500A95A6E /* OptionCell.xib */; };
		EDABC84B28AC275C00C26B58 /* HomeVC+SearchBarDelegate.swift in Sources */ = {isa = PBXBuildFile; fileRef = EDABC84A28AC275C00C26B58 /* HomeVC+SearchBarDelegate.swift */; };
		EDE1887628AD1795004D0316 /* OrderDetailsVC.swift in Sources */ = {isa = PBXBuildFile; fileRef = EDE1887428AD1795004D0316 /* OrderDetailsVC.swift */; };
		EDE1887728AD1795004D0316 /* OrderDetailsVC.xib in Resources */ = {isa = PBXBuildFile; fileRef = EDE1887528AD1795004D0316 /* OrderDetailsVC.xib */; };
/* End PBXBuildFile section */

/* Begin PBXContainerItemProxy section */
		ED17850D28AAD3DF006E6306 /* PBXContainerItemProxy */ = {
			isa = PBXContainerItemProxy;
			containerPortal = ED1784EB28AAD3D8006E6306 /* Project object */;
			proxyType = 1;
			remoteGlobalIDString = ED1784F228AAD3D8006E6306;
			remoteInfo = CheeseBurgerApp;
		};
		ED17851728AAD3DF006E6306 /* PBXContainerItemProxy */ = {
			isa = PBXContainerItemProxy;
			containerPortal = ED1784EB28AAD3D8006E6306 /* Project object */;
			proxyType = 1;
			remoteGlobalIDString = ED1784F228AAD3D8006E6306;
			remoteInfo = CheeseBurgerApp;
		};
/* End PBXContainerItemProxy section */

/* Begin PBXFileReference section */
		ED05A4D028AC4A0100DB4638 /* UIViewController+TabBarImages.swift */ = {isa = PBXFileReference; lastKnownFileType = sourcecode.swift; path = "UIViewController+TabBarImages.swift"; sourceTree = "<group>"; };
		ED05A4D228AC4A5900DB4638 /* UIView+AdditionalFeatures.swift */ = {isa = PBXFileReference; fileEncoding = 4; lastKnownFileType = sourcecode.swift; path = "UIView+AdditionalFeatures.swift"; sourceTree = "<group>"; };
		ED1784F328AAD3D8006E6306 /* CheeseBurgerApp.app */ = {isa = PBXFileReference; explicitFileType = wrapper.application; includeInIndex = 0; path = CheeseBurgerApp.app; sourceTree = BUILT_PRODUCTS_DIR; };
		ED1784F628AAD3D8006E6306 /* AppDelegate.swift */ = {isa = PBXFileReference; lastKnownFileType = sourcecode.swift; path = AppDelegate.swift; sourceTree = "<group>"; };
		ED1784F828AAD3D8006E6306 /* SceneDelegate.swift */ = {isa = PBXFileReference; lastKnownFileType = sourcecode.swift; path = SceneDelegate.swift; sourceTree = "<group>"; };
		ED1784FD28AAD3D8006E6306 /* Base */ = {isa = PBXFileReference; lastKnownFileType = file.storyboard; name = Base; path = Base.lproj/Main.storyboard; sourceTree = "<group>"; };
		ED17850028AAD3D8006E6306 /* CheeseBurgerApp.xcdatamodel */ = {isa = PBXFileReference; lastKnownFileType = wrapper.xcdatamodel; path = CheeseBurgerApp.xcdatamodel; sourceTree = "<group>"; };
		ED17850228AAD3DE006E6306 /* Assets.xcassets */ = {isa = PBXFileReference; lastKnownFileType = folder.assetcatalog; path = Assets.xcassets; sourceTree = "<group>"; };
		ED17850528AAD3DE006E6306 /* Base */ = {isa = PBXFileReference; lastKnownFileType = file.storyboard; name = Base; path = Base.lproj/LaunchScreen.storyboard; sourceTree = "<group>"; };
		ED17850728AAD3DE006E6306 /* Info.plist */ = {isa = PBXFileReference; lastKnownFileType = text.plist.xml; path = Info.plist; sourceTree = "<group>"; };
		ED17850C28AAD3DF006E6306 /* CheeseBurgerAppTests.xctest */ = {isa = PBXFileReference; explicitFileType = wrapper.cfbundle; includeInIndex = 0; path = CheeseBurgerAppTests.xctest; sourceTree = BUILT_PRODUCTS_DIR; };
		ED17851028AAD3DF006E6306 /* CheeseBurgerAppTests.swift */ = {isa = PBXFileReference; lastKnownFileType = sourcecode.swift; path = CheeseBurgerAppTests.swift; sourceTree = "<group>"; };
		ED17851628AAD3DF006E6306 /* CheeseBurgerAppUITests.xctest */ = {isa = PBXFileReference; explicitFileType = wrapper.cfbundle; includeInIndex = 0; path = CheeseBurgerAppUITests.xctest; sourceTree = BUILT_PRODUCTS_DIR; };
		ED17851A28AAD3DF006E6306 /* CheeseBurgerAppUITests.swift */ = {isa = PBXFileReference; lastKnownFileType = sourcecode.swift; path = CheeseBurgerAppUITests.swift; sourceTree = "<group>"; };
		ED17851C28AAD3DF006E6306 /* CheeseBurgerAppUITestsLaunchTests.swift */ = {isa = PBXFileReference; lastKnownFileType = sourcecode.swift; path = CheeseBurgerAppUITestsLaunchTests.swift; sourceTree = "<group>"; };
		ED17852A28AAD440006E6306 /* HomeVC.swift */ = {isa = PBXFileReference; lastKnownFileType = sourcecode.swift; path = HomeVC.swift; sourceTree = "<group>"; };
		ED17852B28AAD440006E6306 /* HomeVC.xib */ = {isa = PBXFileReference; lastKnownFileType = file.xib; path = HomeVC.xib; sourceTree = "<group>"; };
		ED17852E28AAD493006E6306 /* MealCell.swift */ = {isa = PBXFileReference; lastKnownFileType = sourcecode.swift; path = MealCell.swift; sourceTree = "<group>"; };
		ED17852F28AAD493006E6306 /* MealCell.xib */ = {isa = PBXFileReference; lastKnownFileType = file.xib; path = MealCell.xib; sourceTree = "<group>"; };
		ED17853228AB0B50006E6306 /* BurgerCell.swift */ = {isa = PBXFileReference; lastKnownFileType = sourcecode.swift; path = BurgerCell.swift; sourceTree = "<group>"; };
		ED17853328AB0B50006E6306 /* BurgerCell.xib */ = {isa = PBXFileReference; lastKnownFileType = file.xib; path = BurgerCell.xib; sourceTree = "<group>"; };
		ED9D348D28ABB1AC00A95A6E /* HomeVC+Collection.swift */ = {isa = PBXFileReference; lastKnownFileType = sourcecode.swift; path = "HomeVC+Collection.swift"; sourceTree = "<group>"; };
		ED9D348F28ABB1BF00A95A6E /* HomeVC+Delegation.swift */ = {isa = PBXFileReference; lastKnownFileType = sourcecode.swift; path = "HomeVC+Delegation.swift"; sourceTree = "<group>"; };
		ED9D349128ABB6B500A95A6E /* Reload.swift */ = {isa = PBXFileReference; fileEncoding = 4; lastKnownFileType = sourcecode.swift; path = Reload.swift; sourceTree = "<group>"; };
		ED9D349628ABB74B00A95A6E /* CustomTabbar.swift */ = {isa = PBXFileReference; fileEncoding = 4; lastKnownFileType = sourcecode.swift; path = CustomTabbar.swift; sourceTree = "<group>"; };
		ED9D349728ABB74B00A95A6E /* TabbarController.swift */ = {isa = PBXFileReference; fileEncoding = 4; lastKnownFileType = sourcecode.swift; path = TabbarController.swift; sourceTree = "<group>"; };
		ED9D349C28ABBA1800A95A6E /* AppDelegate_S.swift */ = {isa = PBXFileReference; fileEncoding = 4; lastKnownFileType = sourcecode.swift; path = AppDelegate_S.swift; sourceTree = "<group>"; };
		ED9D349F28ABBB0100A95A6E /* UIWindow_S.swift */ = {isa = PBXFileReference; lastKnownFileType = sourcecode.swift; path = UIWindow_S.swift; sourceTree = "<group>"; };
		ED9D34A128ABBD6300A95A6E /* TabBar_Controller.swift */ = {isa = PBXFileReference; lastKnownFileType = sourcecode.swift; path = TabBar_Controller.swift; sourceTree = "<group>"; };
		ED9D34A228ABBD6300A95A6E /* TabBar_Controller.xib */ = {isa = PBXFileReference; lastKnownFileType = file.xib; path = TabBar_Controller.xib; sourceTree = "<group>"; };
		ED9D34A528ABDF4500A95A6E /* UIViewX.swift */ = {isa = PBXFileReference; fileEncoding = 4; lastKnownFileType = sourcecode.swift; path = UIViewX.swift; sourceTree = "<group>"; };
		ED9D34AA28ABEBFD00A95A6E /* NavBarView.swift */ = {isa = PBXFileReference; fileEncoding = 4; lastKnownFileType = sourcecode.swift; path = NavBarView.swift; sourceTree = "<group>"; };
		ED9D34AB28ABEBFD00A95A6E /* NavBarView.xib */ = {isa = PBXFileReference; fileEncoding = 4; lastKnownFileType = file.xib; path = NavBarView.xib; sourceTree = "<group>"; };
		ED9D34B328ABF4E500A95A6E /* OptionCell.swift */ = {isa = PBXFileReference; lastKnownFileType = sourcecode.swift; path = OptionCell.swift; sourceTree = "<group>"; };
		ED9D34B428ABF4E500A95A6E /* OptionCell.xib */ = {isa = PBXFileReference; lastKnownFileType = file.xib; path = OptionCell.xib; sourceTree = "<group>"; };
		EDABC84A28AC275C00C26B58 /* HomeVC+SearchBarDelegate.swift */ = {isa = PBXFileReference; fileEncoding = 4; lastKnownFileType = sourcecode.swift; path = "HomeVC+SearchBarDelegate.swift"; sourceTree = "<group>"; };
		EDE1887428AD1795004D0316 /* OrderDetailsVC.swift */ = {isa = PBXFileReference; lastKnownFileType = sourcecode.swift; path = OrderDetailsVC.swift; sourceTree = "<group>"; };
		EDE1887528AD1795004D0316 /* OrderDetailsVC.xib */ = {isa = PBXFileReference; lastKnownFileType = file.xib; path = OrderDetailsVC.xib; sourceTree = "<group>"; };
/* End PBXFileReference section */

/* Begin PBXFrameworksBuildPhase section */
		ED1784F028AAD3D8006E6306 /* Frameworks */ = {
			isa = PBXFrameworksBuildPhase;
			buildActionMask = 2147483647;
			files = (
			);
			runOnlyForDeploymentPostprocessing = 0;
		};
		ED17850928AAD3DF006E6306 /* Frameworks */ = {
			isa = PBXFrameworksBuildPhase;
			buildActionMask = 2147483647;
			files = (
			);
			runOnlyForDeploymentPostprocessing = 0;
		};
		ED17851328AAD3DF006E6306 /* Frameworks */ = {
			isa = PBXFrameworksBuildPhase;
			buildActionMask = 2147483647;
			files = (
			);
			runOnlyForDeploymentPostprocessing = 0;
		};
/* End PBXFrameworksBuildPhase section */

/* Begin PBXGroup section */
		ED1784EA28AAD3D8006E6306 = {
			isa = PBXGroup;
			children = (
				ED1784F528AAD3D8006E6306 /* CheeseBurgerApp */,
				ED17850F28AAD3DF006E6306 /* CheeseBurgerAppTests */,
				ED17851928AAD3DF006E6306 /* CheeseBurgerAppUITests */,
				ED1784F428AAD3D8006E6306 /* Products */,
			);
			sourceTree = "<group>";
		};
		ED1784F428AAD3D8006E6306 /* Products */ = {
			isa = PBXGroup;
			children = (
				ED1784F328AAD3D8006E6306 /* CheeseBurgerApp.app */,
				ED17850C28AAD3DF006E6306 /* CheeseBurgerAppTests.xctest */,
				ED17851628AAD3DF006E6306 /* CheeseBurgerAppUITests.xctest */,
			);
			name = Products;
			sourceTree = "<group>";
		};
		ED1784F528AAD3D8006E6306 /* CheeseBurgerApp */ = {
			isa = PBXGroup;
			children = (
				ED9D349E28ABBA2600A95A6E /* AppDelegate */,
				ED9D349328ABB74B00A95A6E /* TabBar */,
				ED17852928AAD3F7006E6306 /* Scences */,
				ED1784FC28AAD3D8006E6306 /* Main.storyboard */,
				ED17850228AAD3DE006E6306 /* Assets.xcassets */,
				ED17850428AAD3DE006E6306 /* LaunchScreen.storyboard */,
				ED17850728AAD3DE006E6306 /* Info.plist */,
				ED1784FF28AAD3D8006E6306 /* CheeseBurgerApp.xcdatamodeld */,
			);
			path = CheeseBurgerApp;
			sourceTree = "<group>";
		};
		ED17850F28AAD3DF006E6306 /* CheeseBurgerAppTests */ = {
			isa = PBXGroup;
			children = (
				ED17851028AAD3DF006E6306 /* CheeseBurgerAppTests.swift */,
			);
			path = CheeseBurgerAppTests;
			sourceTree = "<group>";
		};
		ED17851928AAD3DF006E6306 /* CheeseBurgerAppUITests */ = {
			isa = PBXGroup;
			children = (
				ED17851A28AAD3DF006E6306 /* CheeseBurgerAppUITests.swift */,
				ED17851C28AAD3DF006E6306 /* CheeseBurgerAppUITestsLaunchTests.swift */,
			);
			path = CheeseBurgerAppUITests;
			sourceTree = "<group>";
		};
		ED17852928AAD3F7006E6306 /* Scences */ = {
			isa = PBXGroup;
			children = (
				EDE1887328AD1778004D0316 /* OrderDetailsVC */,
				ED9D34B028ABEC0500A95A6E /* HomeVC */,
				ED9D34A728ABEBFD00A95A6E /* NavBar_View */,
			);
			path = Scences;
			sourceTree = "<group>";
		};
		ED9D349328ABB74B00A95A6E /* TabBar */ = {
			isa = PBXGroup;
			children = (
				ED9D34A528ABDF4500A95A6E /* UIViewX.swift */,
				ED9D349628ABB74B00A95A6E /* CustomTabbar.swift */,
				ED9D349728ABB74B00A95A6E /* TabbarController.swift */,
				ED9D34A128ABBD6300A95A6E /* TabBar_Controller.swift */,
				ED9D34A228ABBD6300A95A6E /* TabBar_Controller.xib */,
				ED05A4D028AC4A0100DB4638 /* UIViewController+TabBarImages.swift */,
				ED05A4D228AC4A5900DB4638 /* UIView+AdditionalFeatures.swift */,
			);
			path = TabBar;
			sourceTree = "<group>";
		};
		ED9D349E28ABBA2600A95A6E /* AppDelegate */ = {
			isa = PBXGroup;
			children = (
				ED9D349128ABB6B500A95A6E /* Reload.swift */,
				ED1784F628AAD3D8006E6306 /* AppDelegate.swift */,
				ED1784F828AAD3D8006E6306 /* SceneDelegate.swift */,
				ED9D349C28ABBA1800A95A6E /* AppDelegate_S.swift */,
				ED9D349F28ABBB0100A95A6E /* UIWindow_S.swift */,
			);
			path = AppDelegate;
			sourceTree = "<group>";
		};
		ED9D34A728ABEBFD00A95A6E /* NavBar_View */ = {
			isa = PBXGroup;
			children = (
				ED9D34AA28ABEBFD00A95A6E /* NavBarView.swift */,
				ED9D34AB28ABEBFD00A95A6E /* NavBarView.xib */,
			);
			path = NavBar_View;
			sourceTree = "<group>";
		};
		ED9D34B028ABEC0500A95A6E /* HomeVC */ = {
			isa = PBXGroup;
			children = (
				ED9D34B228ABF47600A95A6E /* OptionCell */,
				ED9D34B128ABF46500A95A6E /* BurgerCell */,
				ED17852A28AAD440006E6306 /* HomeVC.swift */,
				ED17852B28AAD440006E6306 /* HomeVC.xib */,
				ED9D348D28ABB1AC00A95A6E /* HomeVC+Collection.swift */,
				ED9D348F28ABB1BF00A95A6E /* HomeVC+Delegation.swift */,
				EDABC84A28AC275C00C26B58 /* HomeVC+SearchBarDelegate.swift */,
			);
			path = HomeVC;
			sourceTree = "<group>";
		};
		ED9D34B128ABF46500A95A6E /* BurgerCell */ = {
			isa = PBXGroup;
			children = (
				ED17852E28AAD493006E6306 /* MealCell.swift */,
				ED17852F28AAD493006E6306 /* MealCell.xib */,
				ED17853228AB0B50006E6306 /* BurgerCell.swift */,
				ED17853328AB0B50006E6306 /* BurgerCell.xib */,
			);
			path = BurgerCell;
			sourceTree = "<group>";
		};
		ED9D34B228ABF47600A95A6E /* OptionCell */ = {
			isa = PBXGroup;
			children = (
				ED9D34B328ABF4E500A95A6E /* OptionCell.swift */,
				ED9D34B428ABF4E500A95A6E /* OptionCell.xib */,
			);
			path = OptionCell;
			sourceTree = "<group>";
		};
		EDE1887328AD1778004D0316 /* OrderDetailsVC */ = {
			isa = PBXGroup;
			children = (
				EDE1887428AD1795004D0316 /* OrderDetailsVC.swift */,
				EDE1887528AD1795004D0316 /* OrderDetailsVC.xib */,
			);
			path = OrderDetailsVC;
			sourceTree = "<group>";
		};
/* End PBXGroup section */

/* Begin PBXNativeTarget section */
		ED1784F228AAD3D8006E6306 /* CheeseBurgerApp */ = {
			isa = PBXNativeTarget;
			buildConfigurationList = ED17852028AAD3DF006E6306 /* Build configuration list for PBXNativeTarget "CheeseBurgerApp" */;
			buildPhases = (
				ED1784EF28AAD3D8006E6306 /* Sources */,
				ED1784F028AAD3D8006E6306 /* Frameworks */,
				ED1784F128AAD3D8006E6306 /* Resources */,
			);
			buildRules = (
			);
			dependencies = (
			);
			name = CheeseBurgerApp;
			productName = CheeseBurgerApp;
			productReference = ED1784F328AAD3D8006E6306 /* CheeseBurgerApp.app */;
			productType = "com.apple.product-type.application";
		};
		ED17850B28AAD3DF006E6306 /* CheeseBurgerAppTests */ = {
			isa = PBXNativeTarget;
			buildConfigurationList = ED17852328AAD3DF006E6306 /* Build configuration list for PBXNativeTarget "CheeseBurgerAppTests" */;
			buildPhases = (
				ED17850828AAD3DF006E6306 /* Sources */,
				ED17850928AAD3DF006E6306 /* Frameworks */,
				ED17850A28AAD3DF006E6306 /* Resources */,
			);
			buildRules = (
			);
			dependencies = (
				ED17850E28AAD3DF006E6306 /* PBXTargetDependency */,
			);
			name = CheeseBurgerAppTests;
			productName = CheeseBurgerAppTests;
			productReference = ED17850C28AAD3DF006E6306 /* CheeseBurgerAppTests.xctest */;
			productType = "com.apple.product-type.bundle.unit-test";
		};
		ED17851528AAD3DF006E6306 /* CheeseBurgerAppUITests */ = {
			isa = PBXNativeTarget;
			buildConfigurationList = ED17852628AAD3DF006E6306 /* Build configuration list for PBXNativeTarget "CheeseBurgerAppUITests" */;
			buildPhases = (
				ED17851228AAD3DF006E6306 /* Sources */,
				ED17851328AAD3DF006E6306 /* Frameworks */,
				ED17851428AAD3DF006E6306 /* Resources */,
			);
			buildRules = (
			);
			dependencies = (
				ED17851828AAD3DF006E6306 /* PBXTargetDependency */,
			);
			name = CheeseBurgerAppUITests;
			productName = CheeseBurgerAppUITests;
			productReference = ED17851628AAD3DF006E6306 /* CheeseBurgerAppUITests.xctest */;
			productType = "com.apple.product-type.bundle.ui-testing";
		};
/* End PBXNativeTarget section */

/* Begin PBXProject section */
		ED1784EB28AAD3D8006E6306 /* Project object */ = {
			isa = PBXProject;
			attributes = {
				BuildIndependentTargetsInParallel = 1;
				LastSwiftUpdateCheck = 1340;
				LastUpgradeCheck = 1340;
				TargetAttributes = {
					ED1784F228AAD3D8006E6306 = {
						CreatedOnToolsVersion = 13.4.1;
					};
					ED17850B28AAD3DF006E6306 = {
						CreatedOnToolsVersion = 13.4.1;
						TestTargetID = ED1784F228AAD3D8006E6306;
					};
					ED17851528AAD3DF006E6306 = {
						CreatedOnToolsVersion = 13.4.1;
						TestTargetID = ED1784F228AAD3D8006E6306;
					};
				};
			};
			buildConfigurationList = ED1784EE28AAD3D8006E6306 /* Build configuration list for PBXProject "CheeseBurgerApp" */;
			compatibilityVersion = "Xcode 13.0";
			developmentRegion = en;
			hasScannedForEncodings = 0;
			knownRegions = (
				en,
				Base,
			);
			mainGroup = ED1784EA28AAD3D8006E6306;
			productRefGroup = ED1784F428AAD3D8006E6306 /* Products */;
			projectDirPath = "";
			projectRoot = "";
			targets = (
				ED1784F228AAD3D8006E6306 /* CheeseBurgerApp */,
				ED17850B28AAD3DF006E6306 /* CheeseBurgerAppTests */,
				ED17851528AAD3DF006E6306 /* CheeseBurgerAppUITests */,
			);
		};
/* End PBXProject section */

/* Begin PBXResourcesBuildPhase section */
		ED1784F128AAD3D8006E6306 /* Resources */ = {
			isa = PBXResourcesBuildPhase;
			buildActionMask = 2147483647;
			files = (
				EDE1887728AD1795004D0316 /* OrderDetailsVC.xib in Resources */,
				ED17850628AAD3DE006E6306 /* LaunchScreen.storyboard in Resources */,
				ED17852D28AAD440006E6306 /* HomeVC.xib in Resources */,
				ED17853528AB0B50006E6306 /* BurgerCell.xib in Resources */,
				ED17853128AAD493006E6306 /* MealCell.xib in Resources */,
				ED17850328AAD3DE006E6306 /* Assets.xcassets in Resources */,
				ED9D34AF28ABEBFD00A95A6E /* NavBarView.xib in Resources */,
				ED9D34A428ABBD6300A95A6E /* TabBar_Controller.xib in Resources */,
				ED1784FE28AAD3D8006E6306 /* Main.storyboard in Resources */,
				ED9D34B628ABF4E500A95A6E /* OptionCell.xib in Resources */,
			);
			runOnlyForDeploymentPostprocessing = 0;
		};
		ED17850A28AAD3DF006E6306 /* Resources */ = {
			isa = PBXResourcesBuildPhase;
			buildActionMask = 2147483647;
			files = (
			);
			runOnlyForDeploymentPostprocessing = 0;
		};
		ED17851428AAD3DF006E6306 /* Resources */ = {
			isa = PBXResourcesBuildPhase;
			buildActionMask = 2147483647;
			files = (
			);
			runOnlyForDeploymentPostprocessing = 0;
		};
/* End PBXResourcesBuildPhase section */

/* Begin PBXSourcesBuildPhase section */
		ED1784EF28AAD3D8006E6306 /* Sources */ = {
			isa = PBXSourcesBuildPhase;
			buildActionMask = 2147483647;
			files = (
				ED05A4D328AC4A5900DB4638 /* UIView+AdditionalFeatures.swift in Sources */,
				ED9D349228ABB6B500A95A6E /* Reload.swift in Sources */,
				ED9D34A028ABBB0100A95A6E /* UIWindow_S.swift in Sources */,
				EDABC84B28AC275C00C26B58 /* HomeVC+SearchBarDelegate.swift in Sources */,
				ED17853028AAD493006E6306 /* MealCell.swift in Sources */,
				ED9D34A328ABBD6300A95A6E /* TabBar_Controller.swift in Sources */,
				ED9D34AE28ABEBFD00A95A6E /* NavBarView.swift in Sources */,
				ED17853428AB0B50006E6306 /* BurgerCell.swift in Sources */,
				ED05A4D128AC4A0100DB4638 /* UIViewController+TabBarImages.swift in Sources */,
				ED9D349028ABB1BF00A95A6E /* HomeVC+Delegation.swift in Sources */,
				ED9D34B528ABF4E500A95A6E /* OptionCell.swift in Sources */,
				ED9D348E28ABB1AC00A95A6E /* HomeVC+Collection.swift in Sources */,
				EDE1887628AD1795004D0316 /* OrderDetailsVC.swift in Sources */,
				ED17852C28AAD440006E6306 /* HomeVC.swift in Sources */,
				ED9D34A628ABDF4500A95A6E /* UIViewX.swift in Sources */,
				ED17850128AAD3D8006E6306 /* CheeseBurgerApp.xcdatamodeld in Sources */,
				ED9D349D28ABBA1800A95A6E /* AppDelegate_S.swift in Sources */,
				ED9D349A28ABB74B00A95A6E /* CustomTabbar.swift in Sources */,
				ED1784F728AAD3D8006E6306 /* AppDelegate.swift in Sources */,
				ED1784F928AAD3D8006E6306 /* SceneDelegate.swift in Sources */,
				ED9D349B28ABB74B00A95A6E /* TabbarController.swift in Sources */,
			);
			runOnlyForDeploymentPostprocessing = 0;
		};
		ED17850828AAD3DF006E6306 /* Sources */ = {
			isa = PBXSourcesBuildPhase;
			buildActionMask = 2147483647;
			files = (
				ED17851128AAD3DF006E6306 /* CheeseBurgerAppTests.swift in Sources */,
			);
			runOnlyForDeploymentPostprocessing = 0;
		};
		ED17851228AAD3DF006E6306 /* Sources */ = {
			isa = PBXSourcesBuildPhase;
			buildActionMask = 2147483647;
			files = (
				ED17851D28AAD3DF006E6306 /* CheeseBurgerAppUITestsLaunchTests.swift in Sources */,
				ED17851B28AAD3DF006E6306 /* CheeseBurgerAppUITests.swift in Sources */,
			);
			runOnlyForDeploymentPostprocessing = 0;
		};
/* End PBXSourcesBuildPhase section */

/* Begin PBXTargetDependency section */
		ED17850E28AAD3DF006E6306 /* PBXTargetDependency */ = {
			isa = PBXTargetDependency;
			target = ED1784F228AAD3D8006E6306 /* CheeseBurgerApp */;
			targetProxy = ED17850D28AAD3DF006E6306 /* PBXContainerItemProxy */;
		};
		ED17851828AAD3DF006E6306 /* PBXTargetDependency */ = {
			isa = PBXTargetDependency;
			target = ED1784F228AAD3D8006E6306 /* CheeseBurgerApp */;
			targetProxy = ED17851728AAD3DF006E6306 /* PBXContainerItemProxy */;
		};
/* End PBXTargetDependency section */

/* Begin PBXVariantGroup section */
		ED1784FC28AAD3D8006E6306 /* Main.storyboard */ = {
			isa = PBXVariantGroup;
			children = (
				ED1784FD28AAD3D8006E6306 /* Base */,
			);
			name = Main.storyboard;
			sourceTree = "<group>";
		};
		ED17850428AAD3DE006E6306 /* LaunchScreen.storyboard */ = {
			isa = PBXVariantGroup;
			children = (
				ED17850528AAD3DE006E6306 /* Base */,
			);
			name = LaunchScreen.storyboard;
			sourceTree = "<group>";
		};
/* End PBXVariantGroup section */

/* Begin XCBuildConfiguration section */
		ED17851E28AAD3DF006E6306 /* Debug */ = {
			isa = XCBuildConfiguration;
			buildSettings = {
				ALWAYS_SEARCH_USER_PATHS = NO;
				CLANG_ANALYZER_NONNULL = YES;
				CLANG_ANALYZER_NUMBER_OBJECT_CONVERSION = YES_AGGRESSIVE;
				CLANG_CXX_LANGUAGE_STANDARD = "gnu++17";
				CLANG_ENABLE_MODULES = YES;
				CLANG_ENABLE_OBJC_ARC = YES;
				CLANG_ENABLE_OBJC_WEAK = YES;
				CLANG_WARN_BLOCK_CAPTURE_AUTORELEASING = YES;
				CLANG_WARN_BOOL_CONVERSION = YES;
				CLANG_WARN_COMMA = YES;
				CLANG_WARN_CONSTANT_CONVERSION = YES;
				CLANG_WARN_DEPRECATED_OBJC_IMPLEMENTATIONS = YES;
				CLANG_WARN_DIRECT_OBJC_ISA_USAGE = YES_ERROR;
				CLANG_WARN_DOCUMENTATION_COMMENTS = YES;
				CLANG_WARN_EMPTY_BODY = YES;
				CLANG_WARN_ENUM_CONVERSION = YES;
				CLANG_WARN_INFINITE_RECURSION = YES;
				CLANG_WARN_INT_CONVERSION = YES;
				CLANG_WARN_NON_LITERAL_NULL_CONVERSION = YES;
				CLANG_WARN_OBJC_IMPLICIT_RETAIN_SELF = YES;
				CLANG_WARN_OBJC_LITERAL_CONVERSION = YES;
				CLANG_WARN_OBJC_ROOT_CLASS = YES_ERROR;
				CLANG_WARN_QUOTED_INCLUDE_IN_FRAMEWORK_HEADER = YES;
				CLANG_WARN_RANGE_LOOP_ANALYSIS = YES;
				CLANG_WARN_STRICT_PROTOTYPES = YES;
				CLANG_WARN_SUSPICIOUS_MOVE = YES;
				CLANG_WARN_UNGUARDED_AVAILABILITY = YES_AGGRESSIVE;
				CLANG_WARN_UNREACHABLE_CODE = YES;
				CLANG_WARN__DUPLICATE_METHOD_MATCH = YES;
				COPY_PHASE_STRIP = NO;
				DEBUG_INFORMATION_FORMAT = dwarf;
				ENABLE_STRICT_OBJC_MSGSEND = YES;
				ENABLE_TESTABILITY = YES;
				GCC_C_LANGUAGE_STANDARD = gnu11;
				GCC_DYNAMIC_NO_PIC = NO;
				GCC_NO_COMMON_BLOCKS = YES;
				GCC_OPTIMIZATION_LEVEL = 0;
				GCC_PREPROCESSOR_DEFINITIONS = (
					"DEBUG=1",
					"$(inherited)",
				);
				GCC_WARN_64_TO_32_BIT_CONVERSION = YES;
				GCC_WARN_ABOUT_RETURN_TYPE = YES_ERROR;
				GCC_WARN_UNDECLARED_SELECTOR = YES;
				GCC_WARN_UNINITIALIZED_AUTOS = YES_AGGRESSIVE;
				GCC_WARN_UNUSED_FUNCTION = YES;
				GCC_WARN_UNUSED_VARIABLE = YES;
				IPHONEOS_DEPLOYMENT_TARGET = 15.5;
				MTL_ENABLE_DEBUG_INFO = INCLUDE_SOURCE;
				MTL_FAST_MATH = YES;
				ONLY_ACTIVE_ARCH = YES;
				SDKROOT = iphoneos;
				SWIFT_ACTIVE_COMPILATION_CONDITIONS = DEBUG;
				SWIFT_OPTIMIZATION_LEVEL = "-Onone";
			};
			name = Debug;
		};
		ED17851F28AAD3DF006E6306 /* Release */ = {
			isa = XCBuildConfiguration;
			buildSettings = {
				ALWAYS_SEARCH_USER_PATHS = NO;
				CLANG_ANALYZER_NONNULL = YES;
				CLANG_ANALYZER_NUMBER_OBJECT_CONVERSION = YES_AGGRESSIVE;
				CLANG_CXX_LANGUAGE_STANDARD = "gnu++17";
				CLANG_ENABLE_MODULES = YES;
				CLANG_ENABLE_OBJC_ARC = YES;
				CLANG_ENABLE_OBJC_WEAK = YES;
				CLANG_WARN_BLOCK_CAPTURE_AUTORELEASING = YES;
				CLANG_WARN_BOOL_CONVERSION = YES;
				CLANG_WARN_COMMA = YES;
				CLANG_WARN_CONSTANT_CONVERSION = YES;
				CLANG_WARN_DEPRECATED_OBJC_IMPLEMENTATIONS = YES;
				CLANG_WARN_DIRECT_OBJC_ISA_USAGE = YES_ERROR;
				CLANG_WARN_DOCUMENTATION_COMMENTS = YES;
				CLANG_WARN_EMPTY_BODY = YES;
				CLANG_WARN_ENUM_CONVERSION = YES;
				CLANG_WARN_INFINITE_RECURSION = YES;
				CLANG_WARN_INT_CONVERSION = YES;
				CLANG_WARN_NON_LITERAL_NULL_CONVERSION = YES;
				CLANG_WARN_OBJC_IMPLICIT_RETAIN_SELF = YES;
				CLANG_WARN_OBJC_LITERAL_CONVERSION = YES;
				CLANG_WARN_OBJC_ROOT_CLASS = YES_ERROR;
				CLANG_WARN_QUOTED_INCLUDE_IN_FRAMEWORK_HEADER = YES;
				CLANG_WARN_RANGE_LOOP_ANALYSIS = YES;
				CLANG_WARN_STRICT_PROTOTYPES = YES;
				CLANG_WARN_SUSPICIOUS_MOVE = YES;
				CLANG_WARN_UNGUARDED_AVAILABILITY = YES_AGGRESSIVE;
				CLANG_WARN_UNREACHABLE_CODE = YES;
				CLANG_WARN__DUPLICATE_METHOD_MATCH = YES;
				COPY_PHASE_STRIP = NO;
				DEBUG_INFORMATION_FORMAT = "dwarf-with-dsym";
				ENABLE_NS_ASSERTIONS = NO;
				ENABLE_STRICT_OBJC_MSGSEND = YES;
				GCC_C_LANGUAGE_STANDARD = gnu11;
				GCC_NO_COMMON_BLOCKS = YES;
				GCC_WARN_64_TO_32_BIT_CONVERSION = YES;
				GCC_WARN_ABOUT_RETURN_TYPE = YES_ERROR;
				GCC_WARN_UNDECLARED_SELECTOR = YES;
				GCC_WARN_UNINITIALIZED_AUTOS = YES_AGGRESSIVE;
				GCC_WARN_UNUSED_FUNCTION = YES;
				GCC_WARN_UNUSED_VARIABLE = YES;
				IPHONEOS_DEPLOYMENT_TARGET = 15.5;
				MTL_ENABLE_DEBUG_INFO = NO;
				MTL_FAST_MATH = YES;
				SDKROOT = iphoneos;
				SWIFT_COMPILATION_MODE = wholemodule;
				SWIFT_OPTIMIZATION_LEVEL = "-O";
				VALIDATE_PRODUCT = YES;
			};
			name = Release;
		};
		ED17852128AAD3DF006E6306 /* Debug */ = {
			isa = XCBuildConfiguration;
			buildSettings = {
				ASSETCATALOG_COMPILER_APPICON_NAME = AppIcon;
				ASSETCATALOG_COMPILER_GLOBAL_ACCENT_COLOR_NAME = AccentColor;
				CODE_SIGN_STYLE = Automatic;
				CURRENT_PROJECT_VERSION = 1;
				GENERATE_INFOPLIST_FILE = YES;
				INFOPLIST_FILE = CheeseBurgerApp/Info.plist;
				INFOPLIST_KEY_UIApplicationSupportsIndirectInputEvents = YES;
				INFOPLIST_KEY_UILaunchStoryboardName = LaunchScreen;
				INFOPLIST_KEY_UIMainStoryboardFile = Main;
				INFOPLIST_KEY_UISupportedInterfaceOrientations_iPad = "UIInterfaceOrientationPortrait UIInterfaceOrientationPortraitUpsideDown UIInterfaceOrientationLandscapeLeft UIInterfaceOrientationLandscapeRight";
				INFOPLIST_KEY_UISupportedInterfaceOrientations_iPhone = "UIInterfaceOrientationPortrait UIInterfaceOrientationLandscapeLeft UIInterfaceOrientationLandscapeRight";
				LD_RUNPATH_SEARCH_PATHS = (
					"$(inherited)",
					"@executable_path/Frameworks",
				);
				MARKETING_VERSION = 1.0;
				PRODUCT_BUNDLE_IDENTIFIER = com.68lion.CheeseBurgerApp;
				PRODUCT_NAME = "$(TARGET_NAME)";
				SWIFT_EMIT_LOC_STRINGS = YES;
				SWIFT_VERSION = 5.0;
				TARGETED_DEVICE_FAMILY = "1,2";
			};
			name = Debug;
		};
		ED17852228AAD3DF006E6306 /* Release */ = {
			isa = XCBuildConfiguration;
			buildSettings = {
				ASSETCATALOG_COMPILER_APPICON_NAME = AppIcon;
				ASSETCATALOG_COMPILER_GLOBAL_ACCENT_COLOR_NAME = AccentColor;
				CODE_SIGN_STYLE = Automatic;
				CURRENT_PROJECT_VERSION = 1;
				GENERATE_INFOPLIST_FILE = YES;
				INFOPLIST_FILE = CheeseBurgerApp/Info.plist;
				INFOPLIST_KEY_UIApplicationSupportsIndirectInputEvents = YES;
				INFOPLIST_KEY_UILaunchStoryboardName = LaunchScreen;
				INFOPLIST_KEY_UIMainStoryboardFile = Main;
				INFOPLIST_KEY_UISupportedInterfaceOrientations_iPad = "UIInterfaceOrientationPortrait UIInterfaceOrientationPortraitUpsideDown UIInterfaceOrientationLandscapeLeft UIInterfaceOrientationLandscapeRight";
				INFOPLIST_KEY_UISupportedInterfaceOrientations_iPhone = "UIInterfaceOrientationPortrait UIInterfaceOrientationLandscapeLeft UIInterfaceOrientationLandscapeRight";
				LD_RUNPATH_SEARCH_PATHS = (
					"$(inherited)",
					"@executable_path/Frameworks",
				);
				MARKETING_VERSION = 1.0;
				PRODUCT_BUNDLE_IDENTIFIER = com.68lion.CheeseBurgerApp;
				PRODUCT_NAME = "$(TARGET_NAME)";
				SWIFT_EMIT_LOC_STRINGS = YES;
				SWIFT_VERSION = 5.0;
				TARGETED_DEVICE_FAMILY = "1,2";
			};
			name = Release;
		};
		ED17852428AAD3DF006E6306 /* Debug */ = {
			isa = XCBuildConfiguration;
			buildSettings = {
				ALWAYS_EMBED_SWIFT_STANDARD_LIBRARIES = YES;
				BUNDLE_LOADER = "$(TEST_HOST)";
				CODE_SIGN_STYLE = Automatic;
				CURRENT_PROJECT_VERSION = 1;
				GENERATE_INFOPLIST_FILE = YES;
				IPHONEOS_DEPLOYMENT_TARGET = 15.5;
				MARKETING_VERSION = 1.0;
				PRODUCT_BUNDLE_IDENTIFIER = com.68lion.CheeseBurgerAppTests;
				PRODUCT_NAME = "$(TARGET_NAME)";
				SWIFT_EMIT_LOC_STRINGS = NO;
				SWIFT_VERSION = 5.0;
				TARGETED_DEVICE_FAMILY = "1,2";
				TEST_HOST = "$(BUILT_PRODUCTS_DIR)/CheeseBurgerApp.app/CheeseBurgerApp";
			};
			name = Debug;
		};
		ED17852528AAD3DF006E6306 /* Release */ = {
			isa = XCBuildConfiguration;
			buildSettings = {
				ALWAYS_EMBED_SWIFT_STANDARD_LIBRARIES = YES;
				BUNDLE_LOADER = "$(TEST_HOST)";
				CODE_SIGN_STYLE = Automatic;
				CURRENT_PROJECT_VERSION = 1;
				GENERATE_INFOPLIST_FILE = YES;
				IPHONEOS_DEPLOYMENT_TARGET = 15.5;
				MARKETING_VERSION = 1.0;
				PRODUCT_BUNDLE_IDENTIFIER = com.68lion.CheeseBurgerAppTests;
				PRODUCT_NAME = "$(TARGET_NAME)";
				SWIFT_EMIT_LOC_STRINGS = NO;
				SWIFT_VERSION = 5.0;
				TARGETED_DEVICE_FAMILY = "1,2";
				TEST_HOST = "$(BUILT_PRODUCTS_DIR)/CheeseBurgerApp.app/CheeseBurgerApp";
			};
			name = Release;
		};
		ED17852728AAD3DF006E6306 /* Debug */ = {
			isa = XCBuildConfiguration;
			buildSettings = {
				ALWAYS_EMBED_SWIFT_STANDARD_LIBRARIES = YES;
				CODE_SIGN_STYLE = Automatic;
				CURRENT_PROJECT_VERSION = 1;
				GENERATE_INFOPLIST_FILE = YES;
				MARKETING_VERSION = 1.0;
				PRODUCT_BUNDLE_IDENTIFIER = com.68lion.CheeseBurgerAppUITests;
				PRODUCT_NAME = "$(TARGET_NAME)";
				SWIFT_EMIT_LOC_STRINGS = NO;
				SWIFT_VERSION = 5.0;
				TARGETED_DEVICE_FAMILY = "1,2";
				TEST_TARGET_NAME = CheeseBurgerApp;
			};
			name = Debug;
		};
		ED17852828AAD3DF006E6306 /* Release */ = {
			isa = XCBuildConfiguration;
			buildSettings = {
				ALWAYS_EMBED_SWIFT_STANDARD_LIBRARIES = YES;
				CODE_SIGN_STYLE = Automatic;
				CURRENT_PROJECT_VERSION = 1;
				GENERATE_INFOPLIST_FILE = YES;
				MARKETING_VERSION = 1.0;
				PRODUCT_BUNDLE_IDENTIFIER = com.68lion.CheeseBurgerAppUITests;
				PRODUCT_NAME = "$(TARGET_NAME)";
				SWIFT_EMIT_LOC_STRINGS = NO;
				SWIFT_VERSION = 5.0;
				TARGETED_DEVICE_FAMILY = "1,2";
				TEST_TARGET_NAME = CheeseBurgerApp;
			};
			name = Release;
		};
/* End XCBuildConfiguration section */

/* Begin XCConfigurationList section */
		ED1784EE28AAD3D8006E6306 /* Build configuration list for PBXProject "CheeseBurgerApp" */ = {
			isa = XCConfigurationList;
			buildConfigurations = (
				ED17851E28AAD3DF006E6306 /* Debug */,
				ED17851F28AAD3DF006E6306 /* Release */,
			);
			defaultConfigurationIsVisible = 0;
			defaultConfigurationName = Release;
		};
		ED17852028AAD3DF006E6306 /* Build configuration list for PBXNativeTarget "CheeseBurgerApp" */ = {
			isa = XCConfigurationList;
			buildConfigurations = (
				ED17852128AAD3DF006E6306 /* Debug */,
				ED17852228AAD3DF006E6306 /* Release */,
			);
			defaultConfigurationIsVisible = 0;
			defaultConfigurationName = Release;
		};
		ED17852328AAD3DF006E6306 /* Build configuration list for PBXNativeTarget "CheeseBurgerAppTests" */ = {
			isa = XCConfigurationList;
			buildConfigurations = (
				ED17852428AAD3DF006E6306 /* Debug */,
				ED17852528AAD3DF006E6306 /* Release */,
			);
			defaultConfigurationIsVisible = 0;
			defaultConfigurationName = Release;
		};
		ED17852628AAD3DF006E6306 /* Build configuration list for PBXNativeTarget "CheeseBurgerAppUITests" */ = {
			isa = XCConfigurationList;
			buildConfigurations = (
				ED17852728AAD3DF006E6306 /* Debug */,
				ED17852828AAD3DF006E6306 /* Release */,
			);
			defaultConfigurationIsVisible = 0;
			defaultConfigurationName = Release;
		};
/* End XCConfigurationList section */

/* Begin XCVersionGroup section */
		ED1784FF28AAD3D8006E6306 /* CheeseBurgerApp.xcdatamodeld */ = {
			isa = XCVersionGroup;
			children = (
				ED17850028AAD3D8006E6306 /* CheeseBurgerApp.xcdatamodel */,
			);
			currentVersion = ED17850028AAD3D8006E6306 /* CheeseBurgerApp.xcdatamodel */;
			path = CheeseBurgerApp.xcdatamodeld;
			sourceTree = "<group>";
			versionGroupType = wrapper.xcdatamodel;
		};
/* End XCVersionGroup section */
	};
	rootObject = ED1784EB28AAD3D8006E6306 /* Project object */;
}
