// !$*UTF8*$!
{
	archiveVersion = 1;
	classes = {
	};
	objectVersion = 55;
	objects = {

/* Begin PBXBuildFile section */
		ED1784F728AAD3D8006E6306 /* AppDelegate.swift in Sources */ = {isa = PBXBuildFile; fileRef = ED1784F628AAD3D8006E6306 /* AppDelegate.swift */; };
		ED1784F928AAD3D8006E6306 /* SceneDelegate.swift in Sources */ = {isa = PBXBuildFile; fileRef = ED1784F828AAD3D8006E6306 /* SceneDelegate.swift */; };
		ED1784FB28AAD3D8006E6306 /* ViewController.swift in Sources */ = {isa = PBXBuildFile; fileRef = ED1784FA28AAD3D8006E6306 /* ViewController.swift */; };
		ED1784FE28AAD3D8006E6306 /* Main.storyboard in Resources */ = {isa = PBXBuildFile; fileRef = ED1784FC28AAD3D8006E6306 /* Main.storyboard */; };
		ED17850128AAD3D8006E6306 /* CheeseBurgerApp.xcdatamodeld in Sources */ = {isa = PBXBuildFile; fileRef = ED1784FF28AAD3D8006E6306 /* CheeseBurgerApp.xcdatamodeld */; };
		ED17850328AAD3DE006E6306 /* Assets.xcassets in Resources */ = {isa = PBXBuildFile; fileRef = ED17850228AAD3DE006E6306 /* Assets.xcassets */; };
		ED17850628AAD3DE006E6306 /* LaunchScreen.storyboard in Resources */ = {isa = PBXBuildFile; fileRef = ED17850428AAD3DE006E6306 /* LaunchScreen.storyboard */; };
		ED17851128AAD3DF006E6306 /* CheeseBurgerAppTests.swift in Sources */ = {isa = PBXBuildFile; fileRef = ED17851028AAD3DF006E6306 /* CheeseBurgerAppTests.swift */; };
		ED17851B28AAD3DF006E6306 /* CheeseBurgerAppUITests.swift in Sources */ = {isa = PBXBuildFile; fileRef = ED17851A28AAD3DF006E6306 /* CheeseBurgerAppUITests.swift */; };
		ED17851D28AAD3DF006E6306 /* CheeseBurgerAppUITestsLaunchTests.swift in Sources */ = {isa = PBXBuildFile; fileRef = ED17851C28AAD3DF006E6306 /* CheeseBurgerAppUITestsLaunchTests.swift */; };
/* End PBXBuildFile section */

/* Begin PBXContainerItemProxy section */
		ED17850D28AAD3DF006E6306 /* PBXContainerItemProxy */ = {
			isa = PBXContainerItemProxy;
			containerPortal = ED1784EB28AAD3D8006E6306 /* Project object */;
			proxyType = 1;
			remoteGlobalIDString = ED1784F228AAD3D8006E6306;
			remoteInfo = CheeseBurgerApp;
		};
		ED17851728AAD3DF006E6306 /* PBXContainerItemProxy */ = {
			isa = PBXContainerItemProxy;
			containerPortal = ED1784EB28AAD3D8006E6306 /* Project object */;
			proxyType = 1;
			remoteGlobalIDString = ED1784F228AAD3D8006E6306;
			remoteInfo = CheeseBurgerApp;
		};
/* End PBXContainerItemProxy section */

/* Begin PBXFileReference section */
		ED1784F328AAD3D8006E6306 /* CheeseBurgerApp.app */ = {isa = PBXFileReference; explicitFileType = wrapper.application; includeInIndex = 0; path = CheeseBurgerApp.app; sourceTree = BUILT_PRODUCTS_DIR; };
		ED1784F628AAD3D8006E6306 /* AppDelegate.swift */ = {isa = PBXFileReference; lastKnownFileType = sourcecode.swift; path = AppDelegate.swift; sourceTree = "<group>"; };
		ED1784F828AAD3D8006E6306 /* SceneDelegate.swift */ = {isa = PBXFileReference; lastKnownFileType = sourcecode.swift; path = SceneDelegate.swift; sourceTree = "<group>"; };
		ED1784FA28AAD3D8006E6306 /* ViewController.swift */ = {isa = PBXFileReference; lastKnownFileType = sourcecode.swift; path = ViewController.swift; sourceTree = "<group>"; };
		ED1784FD28AAD3D8006E6306 /* Base */ = {isa = PBXFileReference; lastKnownFileType = file.storyboard; name = Base; path = Base.lproj/Main.storyboard; sourceTree = "<group>"; };
		ED17850028AAD3D8006E6306 /* CheeseBurgerApp.xcdatamodel */ = {isa = PBXFileReference; lastKnownFileType = wrapper.xcdatamodel; path = CheeseBurgerApp.xcdatamodel; sourceTree = "<group>"; };
		ED17850228AAD3DE006E6306 /* Assets.xcassets */ = {isa = PBXFileReference; lastKnownFileType = folder.assetcatalog; path = Assets.xcassets; sourceTree = "<group>"; };
		ED17850528AAD3DE006E6306 /* Base */ = {isa = PBXFileReference; lastKnownFileType = file.storyboard; name = Base; path = Base.lproj/LaunchScreen.storyboard; sourceTree = "<group>"; };
		ED17850728AAD3DE006E6306 /* Info.plist */ = {isa = PBXFileReference; lastKnownFileType = text.plist.xml; path = Info.plist; sourceTree = "<group>"; };
		ED17850C28AAD3DF006E6306 /* CheeseBurgerAppTests.xctest */ = {isa = PBXFileReference; explicitFileType = wrapper.cfbundle; includeInIndex = 0; path = CheeseBurgerAppTests.xctest; sourceTree = BUILT_PRODUCTS_DIR; };
		ED17851028AAD3DF006E6306 /* CheeseBurgerAppTests.swift */ = {isa = PBXFileReference; lastKnownFileType = sourcecode.swift; path = CheeseBurgerAppTests.swift; sourceTree = "<group>"; };
		ED17851628AAD3DF006E6306 /* CheeseBurgerAppUITests.xctest */ = {isa = PBXFileReference; explicitFileType = wrapper.cfbundle; includeInIndex = 0; path = CheeseBurgerAppUITests.xctest; sourceTree = BUILT_PRODUCTS_DIR; };
		ED17851A28AAD3DF006E6306 /* CheeseBurgerAppUITests.swift */ = {isa = PBXFileReference; lastKnownFileType = sourcecode.swift; path = CheeseBurgerAppUITests.swift; sourceTree = "<group>"; };
		ED17851C28AAD3DF006E6306 /* CheeseBurgerAppUITestsLaunchTests.swift */ = {isa = PBXFileReference; lastKnownFileType = sourcecode.swift; path = CheeseBurgerAppUITestsLaunchTests.swift; sourceTree = "<group>"; };
/* End PBXFileReference section */

/* Begin PBXFrameworksBuildPhase section */
		ED1784F028AAD3D8006E6306 /* Frameworks */ = {
			isa = PBXFrameworksBuildPhase;
			buildActionMask = 2147483647;
			files = (
			);
			runOnlyForDeploymentPostprocessing = 0;
		};
		ED17850928AAD3DF006E6306 /* Frameworks */ = {
			isa = PBXFrameworksBuildPhase;
			buildActionMask = 2147483647;
			files = (
			);
			runOnlyForDeploymentPostprocessing = 0;
		};
		ED17851328AAD3DF006E6306 /* Frameworks */ = {
			isa = PBXFrameworksBuildPhase;
			buildActionMask = 2147483647;
			files = (
			);
			runOnlyForDeploymentPostprocessing = 0;
		};
/* End PBXFrameworksBuildPhase section */

/* Begin PBXGroup section */
		ED1784EA28AAD3D8006E6306 = {
			isa = PBXGroup;
			children = (
				ED1784F528AAD3D8006E6306 /* CheeseBurgerApp */,
				ED17850F28AAD3DF006E6306 /* CheeseBurgerAppTests */,
				ED17851928AAD3DF006E6306 /* CheeseBurgerAppUITests */,
				ED1784F428AAD3D8006E6306 /* Products */,
			);
			sourceTree = "<group>";
		};
		ED1784F428AAD3D8006E6306 /* Products */ = {
			isa = PBXGroup;
			children = (
				ED1784F328AAD3D8006E6306 /* CheeseBurgerApp.app */,
				ED17850C28AAD3DF006E6306 /* CheeseBurgerAppTests.xctest */,
				ED17851628AAD3DF006E6306 /* CheeseBurgerAppUITests.xctest */,
			);
			name = Products;
			sourceTree = "<group>";
		};
		ED1784F528AAD3D8006E6306 /* CheeseBurgerApp */ = {
			isa = PBXGroup;
			children = (
				ED1784F628AAD3D8006E6306 /* AppDelegate.swift */,
				ED1784F828AAD3D8006E6306 /* SceneDelegate.swift */,
				ED1784FA28AAD3D8006E6306 /* ViewController.swift */,
				ED1784FC28AAD3D8006E6306 /* Main.storyboard */,
				ED17850228AAD3DE006E6306 /* Assets.xcassets */,
				ED17850428AAD3DE006E6306 /* LaunchScreen.storyboard */,
				ED17850728AAD3DE006E6306 /* Info.plist */,
				ED1784FF28AAD3D8006E6306 /* CheeseBurgerApp.xcdatamodeld */,
			);
			path = CheeseBurgerApp;
			sourceTree = "<group>";
		};
		ED17850F28AAD3DF006E6306 /* CheeseBurgerAppTests */ = {
			isa = PBXGroup;
			children = (
				ED17851028AAD3DF006E6306 /* CheeseBurgerAppTests.swift */,
			);
			path = CheeseBurgerAppTests;
			sourceTree = "<group>";
		};
		ED17851928AAD3DF006E6306 /* CheeseBurgerAppUITests */ = {
			isa = PBXGroup;
			children = (
				ED17851A28AAD3DF006E6306 /* CheeseBurgerAppUITests.swift */,
				ED17851C28AAD3DF006E6306 /* CheeseBurgerAppUITestsLaunchTests.swift */,
			);
			path = CheeseBurgerAppUITests;
			sourceTree = "<group>";
		};
/* End PBXGroup section */

/* Begin PBXNativeTarget section */
		ED1784F228AAD3D8006E6306 /* CheeseBurgerApp */ = {
			isa = PBXNativeTarget;
			buildConfigurationList = ED17852028AAD3DF006E6306 /* Build configuration list for PBXNativeTarget "CheeseBurgerApp" */;
			buildPhases = (
				ED1784EF28AAD3D8006E6306 /* Sources */,
				ED1784F028AAD3D8006E6306 /* Frameworks */,
				ED1784F128AAD3D8006E6306 /* Resources */,
			);
			buildRules = (
			);
			dependencies = (
			);
			name = CheeseBurgerApp;
			productName = CheeseBurgerApp;
			productReference = ED1784F328AAD3D8006E6306 /* CheeseBurgerApp.app */;
			productType = "com.apple.product-type.application";
		};
		ED17850B28AAD3DF006E6306 /* CheeseBurgerAppTests */ = {
			isa = PBXNativeTarget;
			buildConfigurationList = ED17852328AAD3DF006E6306 /* Build configuration list for PBXNativeTarget "CheeseBurgerAppTests" */;
			buildPhases = (
				ED17850828AAD3DF006E6306 /* Sources */,
				ED17850928AAD3DF006E6306 /* Frameworks */,
				ED17850A28AAD3DF006E6306 /* Resources */,
			);
			buildRules = (
			);
			dependencies = (
				ED17850E28AAD3DF006E6306 /* PBXTargetDependency */,
			);
			name = CheeseBurgerAppTests;
			productName = CheeseBurgerAppTests;
			productReference = ED17850C28AAD3DF006E6306 /* CheeseBurgerAppTests.xctest */;
			productType = "com.apple.product-type.bundle.unit-test";
		};
		ED17851528AAD3DF006E6306 /* CheeseBurgerAppUITests */ = {
			isa = PBXNativeTarget;
			buildConfigurationList = ED17852628AAD3DF006E6306 /* Build configuration list for PBXNativeTarget "CheeseBurgerAppUITests" */;
			buildPhases = (
				ED17851228AAD3DF006E6306 /* Sources */,
				ED17851328AAD3DF006E6306 /* Frameworks */,
				ED17851428AAD3DF006E6306 /* Resources */,
			);
			buildRules = (
			);
			dependencies = (
				ED17851828AAD3DF006E6306 /* PBXTargetDependency */,
			);
			name = CheeseBurgerAppUITests;
			productName = CheeseBurgerAppUITests;
			productReference = ED17851628AAD3DF006E6306 /* CheeseBurgerAppUITests.xctest */;
			productType = "com.apple.product-type.bundle.ui-testing";
		};
/* End PBXNativeTarget section */

/* Begin PBXProject section */
		ED1784EB28AAD3D8006E6306 /* Project object */ = {
			isa = PBXProject;
			attributes = {
				BuildIndependentTargetsInParallel = 1;
				LastSwiftUpdateCheck = 1340;
				LastUpgradeCheck = 1340;
				TargetAttributes = {
					ED1784F228AAD3D8006E6306 = {
						CreatedOnToolsVersion = 13.4.1;
					};
					ED17850B28AAD3DF006E6306 = {
						CreatedOnToolsVersion = 13.4.1;
						TestTargetID = ED1784F228AAD3D8006E6306;
					};
					ED17851528AAD3DF006E6306 = {
						CreatedOnToolsVersion = 13.4.1;
						TestTargetID = ED1784F228AAD3D8006E6306;
					};
				};
			};
			buildConfigurationList = ED1784EE28AAD3D8006E6306 /* Build configuration list for PBXProject "CheeseBurgerApp" */;
			compatibilityVersion = "Xcode 13.0";
			developmentRegion = en;
			hasScannedForEncodings = 0;
			knownRegions = (
				en,
				Base,
			);
			mainGroup = ED1784EA28AAD3D8006E6306;
			productRefGroup = ED1784F428AAD3D8006E6306 /* Products */;
			projectDirPath = "";
			projectRoot = "";
			targets = (
				ED1784F228AAD3D8006E6306 /* CheeseBurgerApp */,
				ED17850B28AAD3DF006E6306 /* CheeseBurgerAppTests */,
				ED17851528AAD3DF006E6306 /* CheeseBurgerAppUITests */,
			);
		};
/* End PBXProject section */

/* Begin PBXResourcesBuildPhase section */
		ED1784F128AAD3D8006E6306 /* Resources */ = {
			isa = PBXResourcesBuildPhase;
			buildActionMask = 2147483647;
			files = (
				ED17850628AAD3DE006E6306 /* LaunchScreen.storyboard in Resources */,
				ED17850328AAD3DE006E6306 /* Assets.xcassets in Resources */,
				ED1784FE28AAD3D8006E6306 /* Main.storyboard in Resources */,
			);
			runOnlyForDeploymentPostprocessing = 0;
		};
		ED17850A28AAD3DF006E6306 /* Resources */ = {
			isa = PBXResourcesBuildPhase;
			buildActionMask = 2147483647;
			files = (
			);
			runOnlyForDeploymentPostprocessing = 0;
		};
		ED17851428AAD3DF006E6306 /* Resources */ = {
			isa = PBXResourcesBuildPhase;
			buildActionMask = 2147483647;
			files = (
			);
			runOnlyForDeploymentPostprocessing = 0;
		};
/* End PBXResourcesBuildPhase section */

/* Begin PBXSourcesBuildPhase section */
		ED1784EF28AAD3D8006E6306 /* Sources */ = {
			isa = PBXSourcesBuildPhase;
			buildActionMask = 2147483647;
			files = (
				ED1784FB28AAD3D8006E6306 /* ViewController.swift in Sources */,
				ED17850128AAD3D8006E6306 /* CheeseBurgerApp.xcdatamodeld in Sources */,
				ED1784F728AAD3D8006E6306 /* AppDelegate.swift in Sources */,
				ED1784F928AAD3D8006E6306 /* SceneDelegate.swift in Sources */,
			);
			runOnlyForDeploymentPostprocessing = 0;
		};
		ED17850828AAD3DF006E6306 /* Sources */ = {
			isa = PBXSourcesBuildPhase;
			buildActionMask = 2147483647;
			files = (
				ED17851128AAD3DF006E6306 /* CheeseBurgerAppTests.swift in Sources */,
			);
			runOnlyForDeploymentPostprocessing = 0;
		};
		ED17851228AAD3DF006E6306 /* Sources */ = {
			isa = PBXSourcesBuildPhase;
			buildActionMask = 2147483647;
			files = (
				ED17851D28AAD3DF006E6306 /* CheeseBurgerAppUITestsLaunchTests.swift in Sources */,
				ED17851B28AAD3DF006E6306 /* CheeseBurgerAppUITests.swift in Sources */,
			);
			runOnlyForDeploymentPostprocessing = 0;
		};
/* End PBXSourcesBuildPhase section */

/* Begin PBXTargetDependency section */
		ED17850E28AAD3DF006E6306 /* PBXTargetDependency */ = {
			isa = PBXTargetDependency;
			target = ED1784F228AAD3D8006E6306 /* CheeseBurgerApp */;
			targetProxy = ED17850D28AAD3DF006E6306 /* PBXContainerItemProxy */;
		};
		ED17851828AAD3DF006E6306 /* PBXTargetDependency */ = {
			isa = PBXTargetDependency;
			target = ED1784F228AAD3D8006E6306 /* CheeseBurgerApp */;
			targetProxy = ED17851728AAD3DF006E6306 /* PBXContainerItemProxy */;
		};
/* End PBXTargetDependency section */

/* Begin PBXVariantGroup section */
		ED1784FC28AAD3D8006E6306 /* Main.storyboard */ = {
			isa = PBXVariantGroup;
			children = (
				ED1784FD28AAD3D8006E6306 /* Base */,
			);
			name = Main.storyboard;
			sourceTree = "<group>";
		};
		ED17850428AAD3DE006E6306 /* LaunchScreen.storyboard */ = {
			isa = PBXVariantGroup;
			children = (
				ED17850528AAD3DE006E6306 /* Base */,
			);
			name = LaunchScreen.storyboard;
			sourceTree = "<group>";
		};
/* End PBXVariantGroup section */

/* Begin XCBuildConfiguration section */
		ED17851E28AAD3DF006E6306 /* Debug */ = {
			isa = XCBuildConfiguration;
			buildSettings = {
				ALWAYS_SEARCH_USER_PATHS = NO;
				CLANG_ANALYZER_NONNULL = YES;
				CLANG_ANALYZER_NUMBER_OBJECT_CONVERSION = YES_AGGRESSIVE;
				CLANG_CXX_LANGUAGE_STANDARD = "gnu++17";
				CLANG_ENABLE_MODULES = YES;
				CLANG_ENABLE_OBJC_ARC = YES;
				CLANG_ENABLE_OBJC_WEAK = YES;
				CLANG_WARN_BLOCK_CAPTURE_AUTORELEASING = YES;
				CLANG_WARN_BOOL_CONVERSION = YES;
				CLANG_WARN_COMMA = YES;
				CLANG_WARN_CONSTANT_CONVERSION = YES;
				CLANG_WARN_DEPRECATED_OBJC_IMPLEMENTATIONS = YES;
				CLANG_WARN_DIRECT_OBJC_ISA_USAGE = YES_ERROR;
				CLANG_WARN_DOCUMENTATION_COMMENTS = YES;
				CLANG_WARN_EMPTY_BODY = YES;
				CLANG_WARN_ENUM_CONVERSION = YES;
				CLANG_WARN_INFINITE_RECURSION = YES;
				CLANG_WARN_INT_CONVERSION = YES;
				CLANG_WARN_NON_LITERAL_NULL_CONVERSION = YES;
				CLANG_WARN_OBJC_IMPLICIT_RETAIN_SELF = YES;
				CLANG_WARN_OBJC_LITERAL_CONVERSION = YES;
				CLANG_WARN_OBJC_ROOT_CLASS = YES_ERROR;
				CLANG_WARN_QUOTED_INCLUDE_IN_FRAMEWORK_HEADER = YES;
				CLANG_WARN_RANGE_LOOP_ANALYSIS = YES;
				CLANG_WARN_STRICT_PROTOTYPES = YES;
				CLANG_WARN_SUSPICIOUS_MOVE = YES;
				CLANG_WARN_UNGUARDED_AVAILABILITY = YES_AGGRESSIVE;
				CLANG_WARN_UNREACHABLE_CODE = YES;
				CLANG_WARN__DUPLICATE_METHOD_MATCH = YES;
				COPY_PHASE_STRIP = NO;
				DEBUG_INFORMATION_FORMAT = dwarf;
				ENABLE_STRICT_OBJC_MSGSEND = YES;
				ENABLE_TESTABILITY = YES;
				GCC_C_LANGUAGE_STANDARD = gnu11;
				GCC_DYNAMIC_NO_PIC = NO;
				GCC_NO_COMMON_BLOCKS = YES;
				GCC_OPTIMIZATION_LEVEL = 0;
				GCC_PREPROCESSOR_DEFINITIONS = (
					"DEBUG=1",
					"$(inherited)",
				);
				GCC_WARN_64_TO_32_BIT_CONVERSION = YES;
				GCC_WARN_ABOUT_RETURN_TYPE = YES_ERROR;
				GCC_WARN_UNDECLARED_SELECTOR = YES;
				GCC_WARN_UNINITIALIZED_AUTOS = YES_AGGRESSIVE;
				GCC_WARN_UNUSED_FUNCTION = YES;
				GCC_WARN_UNUSED_VARIABLE = YES;
				IPHONEOS_DEPLOYMENT_TARGET = 15.5;
				MTL_ENABLE_DEBUG_INFO = INCLUDE_SOURCE;
				MTL_FAST_MATH = YES;
				ONLY_ACTIVE_ARCH = YES;
				SDKROOT = iphoneos;
				SWIFT_ACTIVE_COMPILATION_CONDITIONS = DEBUG;
				SWIFT_OPTIMIZATION_LEVEL = "-Onone";
			};
			name = Debug;
		};
		ED17851F28AAD3DF006E6306 /* Release */ = {
			isa = XCBuildConfiguration;
			buildSettings = {
				ALWAYS_SEARCH_USER_PATHS = NO;
				CLANG_ANALYZER_NONNULL = YES;
				CLANG_ANALYZER_NUMBER_OBJECT_CONVERSION = YES_AGGRESSIVE;
				CLANG_CXX_LANGUAGE_STANDARD = "gnu++17";
				CLANG_ENABLE_MODULES = YES;
				CLANG_ENABLE_OBJC_ARC = YES;
				CLANG_ENABLE_OBJC_WEAK = YES;
				CLANG_WARN_BLOCK_CAPTURE_AUTORELEASING = YES;
				CLANG_WARN_BOOL_CONVERSION = YES;
				CLANG_WARN_COMMA = YES;
				CLANG_WARN_CONSTANT_CONVERSION = YES;
				CLANG_WARN_DEPRECATED_OBJC_IMPLEMENTATIONS = YES;
				CLANG_WARN_DIRECT_OBJC_ISA_USAGE = YES_ERROR;
				CLANG_WARN_DOCUMENTATION_COMMENTS = YES;
				CLANG_WARN_EMPTY_BODY = YES;
				CLANG_WARN_ENUM_CONVERSION = YES;
				CLANG_WARN_INFINITE_RECURSION = YES;
				CLANG_WARN_INT_CONVERSION = YES;
				CLANG_WARN_NON_LITERAL_NULL_CONVERSION = YES;
				CLANG_WARN_OBJC_IMPLICIT_RETAIN_SELF = YES;
				CLANG_WARN_OBJC_LITERAL_CONVERSION = YES;
				CLANG_WARN_OBJC_ROOT_CLASS = YES_ERROR;
				CLANG_WARN_QUOTED_INCLUDE_IN_FRAMEWORK_HEADER = YES;
				CLANG_WARN_RANGE_LOOP_ANALYSIS = YES;
				CLANG_WARN_STRICT_PROTOTYPES = YES;
				CLANG_WARN_SUSPICIOUS_MOVE = YES;
				CLANG_WARN_UNGUARDED_AVAILABILITY = YES_AGGRESSIVE;
				CLANG_WARN_UNREACHABLE_CODE = YES;
				CLANG_WARN__DUPLICATE_METHOD_MATCH = YES;
				COPY_PHASE_STRIP = NO;
				DEBUG_INFORMATION_FORMAT = "dwarf-with-dsym";
				ENABLE_NS_ASSERTIONS = NO;
				ENABLE_STRICT_OBJC_MSGSEND = YES;
				GCC_C_LANGUAGE_STANDARD = gnu11;
				GCC_NO_COMMON_BLOCKS = YES;
				GCC_WARN_64_TO_32_BIT_CONVERSION = YES;
				GCC_WARN_ABOUT_RETURN_TYPE = YES_ERROR;
				GCC_WARN_UNDECLARED_SELECTOR = YES;
				GCC_WARN_UNINITIALIZED_AUTOS = YES_AGGRESSIVE;
				GCC_WARN_UNUSED_FUNCTION = YES;
				GCC_WARN_UNUSED_VARIABLE = YES;
				IPHONEOS_DEPLOYMENT_TARGET = 15.5;
				MTL_ENABLE_DEBUG_INFO = NO;
				MTL_FAST_MATH = YES;
				SDKROOT = iphoneos;
				SWIFT_COMPILATION_MODE = wholemodule;
				SWIFT_OPTIMIZATION_LEVEL = "-O";
				VALIDATE_PRODUCT = YES;
			};
			name = Release;
		};
		ED17852128AAD3DF006E6306 /* Debug */ = {
			isa = XCBuildConfiguration;
			buildSettings = {
				ASSETCATALOG_COMPILER_APPICON_NAME = AppIcon;
				ASSETCATALOG_COMPILER_GLOBAL_ACCENT_COLOR_NAME = AccentColor;
				CODE_SIGN_STYLE = Automatic;
				CURRENT_PROJECT_VERSION = 1;
				GENERATE_INFOPLIST_FILE = YES;
				INFOPLIST_FILE = CheeseBurgerApp/Info.plist;
				INFOPLIST_KEY_UIApplicationSupportsIndirectInputEvents = YES;
				INFOPLIST_KEY_UILaunchStoryboardName = LaunchScreen;
				INFOPLIST_KEY_UIMainStoryboardFile = Main;
				INFOPLIST_KEY_UISupportedInterfaceOrientations_iPad = "UIInterfaceOrientationPortrait UIInterfaceOrientationPortraitUpsideDown UIInterfaceOrientationLandscapeLeft UIInterfaceOrientationLandscapeRight";
				INFOPLIST_KEY_UISupportedInterfaceOrientations_iPhone = "UIInterfaceOrientationPortrait UIInterfaceOrientationLandscapeLeft UIInterfaceOrientationLandscapeRight";
				LD_RUNPATH_SEARCH_PATHS = (
					"$(inherited)",
					"@executable_path/Frameworks",
				);
				MARKETING_VERSION = 1.0;
				PRODUCT_BUNDLE_IDENTIFIER = com.68lion.CheeseBurgerApp;
				PRODUCT_NAME = "$(TARGET_NAME)";
				SWIFT_EMIT_LOC_STRINGS = YES;
				SWIFT_VERSION = 5.0;
				TARGETED_DEVICE_FAMILY = "1,2";
			};
			name = Debug;
		};
		ED17852228AAD3DF006E6306 /* Release */ = {
			isa = XCBuildConfiguration;
			buildSettings = {
				ASSETCATALOG_COMPILER_APPICON_NAME = AppIcon;
				ASSETCATALOG_COMPILER_GLOBAL_ACCENT_COLOR_NAME = AccentColor;
				CODE_SIGN_STYLE = Automatic;
				CURRENT_PROJECT_VERSION = 1;
				GENERATE_INFOPLIST_FILE = YES;
				INFOPLIST_FILE = CheeseBurgerApp/Info.plist;
				INFOPLIST_KEY_UIApplicationSupportsIndirectInputEvents = YES;
				INFOPLIST_KEY_UILaunchStoryboardName = LaunchScreen;
				INFOPLIST_KEY_UIMainStoryboardFile = Main;
				INFOPLIST_KEY_UISupportedInterfaceOrientations_iPad = "UIInterfaceOrientationPortrait UIInterfaceOrientationPortraitUpsideDown UIInterfaceOrientationLandscapeLeft UIInterfaceOrientationLandscapeRight";
				INFOPLIST_KEY_UISupportedInterfaceOrientations_iPhone = "UIInterfaceOrientationPortrait UIInterfaceOrientationLandscapeLeft UIInterfaceOrientationLandscapeRight";
				LD_RUNPATH_SEARCH_PATHS = (
					"$(inherited)",
					"@executable_path/Frameworks",
				);
				MARKETING_VERSION = 1.0;
				PRODUCT_BUNDLE_IDENTIFIER = com.68lion.CheeseBurgerApp;
				PRODUCT_NAME = "$(TARGET_NAME)";
				SWIFT_EMIT_LOC_STRINGS = YES;
				SWIFT_VERSION = 5.0;
				TARGETED_DEVICE_FAMILY = "1,2";
			};
			name = Release;
		};
		ED17852428AAD3DF006E6306 /* Debug */ = {
			isa = XCBuildConfiguration;
			buildSettings = {
				ALWAYS_EMBED_SWIFT_STANDARD_LIBRARIES = YES;
				BUNDLE_LOADER = "$(TEST_HOST)";
				CODE_SIGN_STYLE = Automatic;
				CURRENT_PROJECT_VERSION = 1;
				GENERATE_INFOPLIST_FILE = YES;
				IPHONEOS_DEPLOYMENT_TARGET = 15.5;
				MARKETING_VERSION = 1.0;
				PRODUCT_BUNDLE_IDENTIFIER = com.68lion.CheeseBurgerAppTests;
				PRODUCT_NAME = "$(TARGET_NAME)";
				SWIFT_EMIT_LOC_STRINGS = NO;
				SWIFT_VERSION = 5.0;
				TARGETED_DEVICE_FAMILY = "1,2";
				TEST_HOST = "$(BUILT_PRODUCTS_DIR)/CheeseBurgerApp.app/CheeseBurgerApp";
			};
			name = Debug;
		};
		ED17852528AAD3DF006E6306 /* Release */ = {
			isa = XCBuildConfiguration;
			buildSettings = {
				ALWAYS_EMBED_SWIFT_STANDARD_LIBRARIES = YES;
				BUNDLE_LOADER = "$(TEST_HOST)";
				CODE_SIGN_STYLE = Automatic;
				CURRENT_PROJECT_VERSION = 1;
				GENERATE_INFOPLIST_FILE = YES;
				IPHONEOS_DEPLOYMENT_TARGET = 15.5;
				MARKETING_VERSION = 1.0;
				PRODUCT_BUNDLE_IDENTIFIER = com.68lion.CheeseBurgerAppTests;
				PRODUCT_NAME = "$(TARGET_NAME)";
				SWIFT_EMIT_LOC_STRINGS = NO;
				SWIFT_VERSION = 5.0;
				TARGETED_DEVICE_FAMILY = "1,2";
				TEST_HOST = "$(BUILT_PRODUCTS_DIR)/CheeseBurgerApp.app/CheeseBurgerApp";
			};
			name = Release;
		};
		ED17852728AAD3DF006E6306 /* Debug */ = {
			isa = XCBuildConfiguration;
			buildSettings = {
				ALWAYS_EMBED_SWIFT_STANDARD_LIBRARIES = YES;
				CODE_SIGN_STYLE = Automatic;
				CURRENT_PROJECT_VERSION = 1;
				GENERATE_INFOPLIST_FILE = YES;
				MARKETING_VERSION = 1.0;
				PRODUCT_BUNDLE_IDENTIFIER = com.68lion.CheeseBurgerAppUITests;
				PRODUCT_NAME = "$(TARGET_NAME)";
				SWIFT_EMIT_LOC_STRINGS = NO;
				SWIFT_VERSION = 5.0;
				TARGETED_DEVICE_FAMILY = "1,2";
				TEST_TARGET_NAME = CheeseBurgerApp;
			};
			name = Debug;
		};
		ED17852828AAD3DF006E6306 /* Release */ = {
			isa = XCBuildConfiguration;
			buildSettings = {
				ALWAYS_EMBED_SWIFT_STANDARD_LIBRARIES = YES;
				CODE_SIGN_STYLE = Automatic;
				CURRENT_PROJECT_VERSION = 1;
				GENERATE_INFOPLIST_FILE = YES;
				MARKETING_VERSION = 1.0;
				PRODUCT_BUNDLE_IDENTIFIER = com.68lion.CheeseBurgerAppUITests;
				PRODUCT_NAME = "$(TARGET_NAME)";
				SWIFT_EMIT_LOC_STRINGS = NO;
				SWIFT_VERSION = 5.0;
				TARGETED_DEVICE_FAMILY = "1,2";
				TEST_TARGET_NAME = CheeseBurgerApp;
			};
			name = Release;
		};
/* End XCBuildConfiguration section */

/* Begin XCConfigurationList section */
		ED1784EE28AAD3D8006E6306 /* Build configuration list for PBXProject "CheeseBurgerApp" */ = {
			isa = XCConfigurationList;
			buildConfigurations = (
				ED17851E28AAD3DF006E6306 /* Debug */,
				ED17851F28AAD3DF006E6306 /* Release */,
			);
			defaultConfigurationIsVisible = 0;
			defaultConfigurationName = Release;
		};
		ED17852028AAD3DF006E6306 /* Build configuration list for PBXNativeTarget "CheeseBurgerApp" */ = {
			isa = XCConfigurationList;
			buildConfigurations = (
				ED17852128AAD3DF006E6306 /* Debug */,
				ED17852228AAD3DF006E6306 /* Release */,
			);
			defaultConfigurationIsVisible = 0;
			defaultConfigurationName = Release;
		};
		ED17852328AAD3DF006E6306 /* Build configuration list for PBXNativeTarget "CheeseBurgerAppTests" */ = {
			isa = XCConfigurationList;
			buildConfigurations = (
				ED17852428AAD3DF006E6306 /* Debug */,
				ED17852528AAD3DF006E6306 /* Release */,
			);
			defaultConfigurationIsVisible = 0;
			defaultConfigurationName = Release;
		};
		ED17852628AAD3DF006E6306 /* Build configuration list for PBXNativeTarget "CheeseBurgerAppUITests" */ = {
			isa = XCConfigurationList;
			buildConfigurations = (
				ED17852728AAD3DF006E6306 /* Debug */,
				ED17852828AAD3DF006E6306 /* Release */,
			);
			defaultConfigurationIsVisible = 0;
			defaultConfigurationName = Release;
		};
/* End XCConfigurationList section */

/* Begin XCVersionGroup section */
		ED1784FF28AAD3D8006E6306 /* CheeseBurgerApp.xcdatamodeld */ = {
			isa = XCVersionGroup;
			children = (
				ED17850028AAD3D8006E6306 /* CheeseBurgerApp.xcdatamodel */,
			);
			currentVersion = ED17850028AAD3D8006E6306 /* CheeseBurgerApp.xcdatamodel */;
			path = CheeseBurgerApp.xcdatamodeld;
			sourceTree = "<group>";
			versionGroupType = wrapper.xcdatamodel;
		};
/* End XCVersionGroup section */
	};
	rootObject = ED1784EB28AAD3D8006E6306 /* Project object */;
}
